// !$*UTF8*$!
{
	archiveVersion = 1;
	classes = {
	};
	objectVersion = 48;
	objects = {

/* Begin PBXBuildFile section */
		22ACB9692027028F00E8F91A /* main.c in Sources */ = {isa = PBXBuildFile; fileRef = 22ACB9682027028F00E8F91A /* main.c */; };
		22ACB9712027030500E8F91A /* ALGraph.c in Sources */ = {isa = PBXBuildFile; fileRef = 22ACB96F2027030500E8F91A /* ALGraph.c */; };
		22ACB9742027044800E8F91A /* DLinkedList.c in Sources */ = {isa = PBXBuildFile; fileRef = 22ACB9722027044800E8F91A /* DLinkedList.c */; };
/* End PBXBuildFile section */

/* Begin PBXCopyFilesBuildPhase section */
		22ACB9632027028F00E8F91A /* CopyFiles */ = {
			isa = PBXCopyFilesBuildPhase;
			buildActionMask = 2147483647;
			dstPath = /usr/share/man/man1/;
			dstSubfolderSpec = 0;
			files = (
			);
			runOnlyForDeploymentPostprocessing = 1;
		};
/* End PBXCopyFilesBuildPhase section */

/* Begin PBXFileReference section */
		22ACB9652027028F00E8F91A /* ALGraph */ = {isa = PBXFileReference; explicitFileType = "compiled.mach-o.executable"; includeInIndex = 0; path = ALGraph; sourceTree = BUILT_PRODUCTS_DIR; };
		22ACB9682027028F00E8F91A /* main.c */ = {isa = PBXFileReference; lastKnownFileType = sourcecode.c.c; path = main.c; sourceTree = "<group>"; };
		22ACB96F2027030500E8F91A /* ALGraph.c */ = {isa = PBXFileReference; lastKnownFileType = sourcecode.c.c; path = ALGraph.c; sourceTree = "<group>"; };
		22ACB9702027030500E8F91A /* ALGraph.h */ = {isa = PBXFileReference; lastKnownFileType = sourcecode.c.h; path = ALGraph.h; sourceTree = "<group>"; };
		22ACB9722027044800E8F91A /* DLinkedList.c */ = {isa = PBXFileReference; lastKnownFileType = sourcecode.c.c; path = DLinkedList.c; sourceTree = "<group>"; };
		22ACB9732027044800E8F91A /* DLinkedList.h */ = {isa = PBXFileReference; lastKnownFileType = sourcecode.c.h; path = DLinkedList.h; sourceTree = "<group>"; };
/* End PBXFileReference section */

/* Begin PBXFrameworksBuildPhase section */
		22ACB9622027028F00E8F91A /* Frameworks */ = {
			isa = PBXFrameworksBuildPhase;
			buildActionMask = 2147483647;
			files = (
			);
			runOnlyForDeploymentPostprocessing = 0;
		};
/* End PBXFrameworksBuildPhase section */

/* Begin PBXGroup section */
		22ACB95C2027028F00E8F91A = {
			isa = PBXGroup;
			children = (
				22ACB9672027028F00E8F91A /* ALGraph */,
				22ACB9662027028F00E8F91A /* Products */,
			);
			sourceTree = "<group>";
		};
		22ACB9662027028F00E8F91A /* Products */ = {
			isa = PBXGroup;
			children = (
				22ACB9652027028F00E8F91A /* ALGraph */,
			);
			name = Products;
			sourceTree = "<group>";
		};
		22ACB9672027028F00E8F91A /* ALGraph */ = {
			isa = PBXGroup;
			children = (
				22ACB9682027028F00E8F91A /* main.c */,
				22ACB96F2027030500E8F91A /* ALGraph.c */,
				22ACB9702027030500E8F91A /* ALGraph.h */,
				22ACB9722027044800E8F91A /* DLinkedList.c */,
				22ACB9732027044800E8F91A /* DLinkedList.h */,
			);
			path = ALGraph;
			sourceTree = "<group>";
		};
/* End PBXGroup section */

/* Begin PBXNativeTarget section */
		22ACB9642027028F00E8F91A /* ALGraph */ = {
			isa = PBXNativeTarget;
			buildConfigurationList = 22ACB96C2027028F00E8F91A /* Build configuration list for PBXNativeTarget "ALGraph" */;
			buildPhases = (
				22ACB9612027028F00E8F91A /* Sources */,
				22ACB9622027028F00E8F91A /* Frameworks */,
				22ACB9632027028F00E8F91A /* CopyFiles */,
			);
			buildRules = (
			);
			dependencies = (
			);
			name = ALGraph;
			productName = ALGraph;
			productReference = 22ACB9652027028F00E8F91A /* ALGraph */;
			productType = "com.apple.product-type.tool";
		};
/* End PBXNativeTarget section */

/* Begin PBXProject section */
		22ACB95D2027028F00E8F91A /* Project object */ = {
			isa = PBXProject;
			attributes = {
				LastUpgradeCheck = 0920;
				ORGANIZATIONNAME = wan;
				TargetAttributes = {
					22ACB9642027028F00E8F91A = {
						CreatedOnToolsVersion = 9.2;
						ProvisioningStyle = Automatic;
					};
				};
			};
			buildConfigurationList = 22ACB9602027028F00E8F91A /* Build configuration list for PBXProject "ALGraph" */;
			compatibilityVersion = "Xcode 8.0";
			developmentRegion = en;
			hasScannedForEncodings = 0;
			knownRegions = (
				en,
			);
			mainGroup = 22ACB95C2027028F00E8F91A;
			productRefGroup = 22ACB9662027028F00E8F91A /* Products */;
			projectDirPath = "";
			projectRoot = "";
			targets = (
				22ACB9642027028F00E8F91A /* ALGraph */,
			);
		};
/* End PBXProject section */

/* Begin PBXSourcesBuildPhase section */
		22ACB9612027028F00E8F91A /* Sources */ = {
			isa = PBXSourcesBuildPhase;
			buildActionMask = 2147483647;
			files = (
				22ACB9742027044800E8F91A /* DLinkedList.c in Sources */,
				22ACB9692027028F00E8F91A /* main.c in Sources */,
				22ACB9712027030500E8F91A /* ALGraph.c in Sources */,
			);
			runOnlyForDeploymentPostprocessing = 0;
		};
/* End PBXSourcesBuildPhase section */

/* Begin XCBuildConfiguration section */
		22ACB96A2027028F00E8F91A /* Debug */ = {
			isa = XCBuildConfiguration;
			buildSettings = {
				ALWAYS_SEARCH_USER_PATHS = NO;
				CLANG_ANALYZER_NONNULL = YES;
				CLANG_ANALYZER_NUMBER_OBJECT_CONVERSION = YES_AGGRESSIVE;
				CLANG_CXX_LANGUAGE_STANDARD = "gnu++14";
				CLANG_CXX_LIBRARY = "libc++";
				CLANG_ENABLE_MODULES = YES;
				CLANG_ENABLE_OBJC_ARC = YES;
				CLANG_WARN_BLOCK_CAPTURE_AUTORELEASING = YES;
				CLANG_WARN_BOOL_CONVERSION = YES;
				CLANG_WARN_COMMA = YES;
				CLANG_WARN_CONSTANT_CONVERSION = YES;
				CLANG_WARN_DIRECT_OBJC_ISA_USAGE = YES_ERROR;
				CLANG_WARN_DOCUMENTATION_COMMENTS = YES;
				CLANG_WARN_EMPTY_BODY = YES;
				CLANG_WARN_ENUM_CONVERSION = YES;
				CLANG_WARN_INFINITE_RECURSION = YES;
				CLANG_WARN_INT_CONVERSION = YES;
				CLANG_WARN_NON_LITERAL_NULL_CONVERSION = YES;
				CLANG_WARN_OBJC_LITERAL_CONVERSION = YES;
				CLANG_WARN_OBJC_ROOT_CLASS = YES_ERROR;
				CLANG_WARN_RANGE_LOOP_ANALYSIS = YES;
				CLANG_WARN_STRICT_PROTOTYPES = YES;
				CLANG_WARN_SUSPICIOUS_MOVE = YES;
				CLANG_WARN_UNGUARDED_AVAILABILITY = YES_AGGRESSIVE;
				CLANG_WARN_UNREACHABLE_CODE = YES;
				CLANG_WARN__DUPLICATE_METHOD_MATCH = YES;
				CODE_SIGN_IDENTITY = "-";
				COPY_PHASE_STRIP = NO;
				DEBUG_INFORMATION_FORMAT = dwarf;
				ENABLE_STRICT_OBJC_MSGSEND = YES;
				ENABLE_TESTABILITY = YES;
				GCC_C_LANGUAGE_STANDARD = gnu11;
				GCC_DYNAMIC_NO_PIC = NO;
				GCC_NO_COMMON_BLOCKS = YES;
				GCC_OPTIMIZATION_LEVEL = 0;
				GCC_PREPROCESSOR_DEFINITIONS = (
					"DEBUG=1",
					"$(inherited)",
				);
				GCC_WARN_64_TO_32_BIT_CONVERSION = YES;
				GCC_WARN_ABOUT_RETURN_TYPE = YES_ERROR;
				GCC_WARN_UNDECLARED_SELECTOR = YES;
				GCC_WARN_UNINITIALIZED_AUTOS = YES_AGGRESSIVE;
				GCC_WARN_UNUSED_FUNCTION = YES;
				GCC_WARN_UNUSED_VARIABLE = YES;
				MACOSX_DEPLOYMENT_TARGET = 10.12;
				MTL_ENABLE_DEBUG_INFO = YES;
				ONLY_ACTIVE_ARCH = YES;
				SDKROOT = macosx;
			};
			name = Debug;
		};
		22ACB96B2027028F00E8F91A /* Release */ = {
			isa = XCBuildConfiguration;
			buildSettings = {
				ALWAYS_SEARCH_USER_PATHS = NO;
				CLANG_ANALYZER_NONNULL = YES;
				CLANG_ANALYZER_NUMBER_OBJECT_CONVERSION = YES_AGGRESSIVE;
				CLANG_CXX_LANGUAGE_STANDARD = "gnu++14";
				CLANG_CXX_LIBRARY = "libc++";
				CLANG_ENABLE_MODULES = YES;
				CLANG_ENABLE_OBJC_ARC = YES;
				CLANG_WARN_BLOCK_CAPTURE_AUTORELEASING = YES;
				CLANG_WARN_BOOL_CONVERSION = YES;
				CLANG_WARN_COMMA = YES;
				CLANG_WARN_CONSTANT_CONVERSION = YES;
				CLANG_WARN_DIRECT_OBJC_ISA_USAGE = YES_ERROR;
				CLANG_WARN_DOCUMENTATION_COMMENTS = YES;
				CLANG_WARN_EMPTY_BODY = YES;
				CLANG_WARN_ENUM_CONVERSION = YES;
				CLANG_WARN_INFINITE_RECURSION = YES;
				CLANG_WARN_INT_CONVERSION = YES;
				CLANG_WARN_NON_LITERAL_NULL_CONVERSION = YES;
				CLANG_WARN_OBJC_LITERAL_CONVERSION = YES;
				CLANG_WARN_OBJC_ROOT_CLASS = YES_ERROR;
				CLANG_WARN_RANGE_LOOP_ANALYSIS = YES;
				CLANG_WARN_STRICT_PROTOTYPES = YES;
				CLANG_WARN_SUSPICIOUS_MOVE = YES;
				CLANG_WARN_UNGUARDED_AVAILABILITY = YES_AGGRESSIVE;
				CLANG_WARN_UNREACHABLE_CODE = YES;
				CLANG_WARN__DUPLICATE_METHOD_MATCH = YES;
				CODE_SIGN_IDENTITY = "-";
				COPY_PHASE_STRIP = NO;
				DEBUG_INFORMATION_FORMAT = "dwarf-with-dsym";
				ENABLE_NS_ASSERTIONS = NO;
				ENABLE_STRICT_OBJC_MSGSEND = YES;
				GCC_C_LANGUAGE_STANDARD = gnu11;
				GCC_NO_COMMON_BLOCKS = YES;
				GCC_WARN_64_TO_32_BIT_CONVERSION = YES;
				GCC_WARN_ABOUT_RETURN_TYPE = YES_ERROR;
				GCC_WARN_UNDECLARED_SELECTOR = YES;
				GCC_WARN_UNINITIALIZED_AUTOS = YES_AGGRESSIVE;
				GCC_WARN_UNUSED_FUNCTION = YES;
				GCC_WARN_UNUSED_VARIABLE = YES;
				MACOSX_DEPLOYMENT_TARGET = 10.12;
				MTL_ENABLE_DEBUG_INFO = NO;
				SDKROOT = macosx;
			};
			name = Release;
		};
		22ACB96D2027028F00E8F91A /* Debug */ = {
			isa = XCBuildConfiguration;
			buildSettings = {
				CODE_SIGN_STYLE = Automatic;
				PRODUCT_NAME = "$(TARGET_NAME)";
			};
			name = Debug;
		};
		22ACB96E2027028F00E8F91A /* Release */ = {
			isa = XCBuildConfiguration;
			buildSettings = {
				CODE_SIGN_STYLE = Automatic;
				PRODUCT_NAME = "$(TARGET_NAME)";
			};
			name = Release;
		};
/* End XCBuildConfiguration section */

/* Begin XCConfigurationList section */
		22ACB9602027028F00E8F91A /* Build configuration list for PBXProject "ALGraph" */ = {
			isa = XCConfigurationList;
			buildConfigurations = (
				22ACB96A2027028F00E8F91A /* Debug */,
				22ACB96B2027028F00E8F91A /* Release */,
			);
			defaultConfigurationIsVisible = 0;
			defaultConfigurationName = Release;
		};
		22ACB96C2027028F00E8F91A /* Build configuration list for PBXNativeTarget "ALGraph" */ = {
			isa = XCConfigurationList;
			buildConfigurations = (
				22ACB96D2027028F00E8F91A /* Debug */,
				22ACB96E2027028F00E8F91A /* Release */,
			);
			defaultConfigurationIsVisible = 0;
			defaultConfigurationName = Release;
		};
/* End XCConfigurationList section */
	};
	rootObject = 22ACB95D2027028F00E8F91A /* Project object */;
}
