// !$*UTF8*$!
{
	archiveVersion = 1;
	classes = {
	};
	objectVersion = 48;
	objects = {

/* Begin PBXBuildFile section */
		2246D0F51FFE77F30019A8F2 /* main.c in Sources */ = {isa = PBXBuildFile; fileRef = 2246D0F41FFE77F30019A8F2 /* main.c */; };
		2246D0FD1FFE78390019A8F2 /* Slot2.c in Sources */ = {isa = PBXBuildFile; fileRef = 2246D0FB1FFE78390019A8F2 /* Slot2.c */; };
		2246D1001FFE7EDC0019A8F2 /* Table2.c in Sources */ = {isa = PBXBuildFile; fileRef = 2246D0FE1FFE7EDC0019A8F2 /* Table2.c */; };
		2246D1031FFE84BF0019A8F2 /* Person.c in Sources */ = {isa = PBXBuildFile; fileRef = 2246D1011FFE84BF0019A8F2 /* Person.c */; };
/* End PBXBuildFile section */

/* Begin PBXCopyFilesBuildPhase section */
		2246D0EF1FFE77F30019A8F2 /* CopyFiles */ = {
			isa = PBXCopyFilesBuildPhase;
			buildActionMask = 2147483647;
			dstPath = /usr/share/man/man1/;
			dstSubfolderSpec = 0;
			files = (
			);
			runOnlyForDeploymentPostprocessing = 1;
		};
/* End PBXCopyFilesBuildPhase section */

/* Begin PBXFileReference section */
		2246D0F11FFE77F30019A8F2 /* ChainedTableMain */ = {isa = PBXFileReference; explicitFileType = "compiled.mach-o.executable"; includeInIndex = 0; path = ChainedTableMain; sourceTree = BUILT_PRODUCTS_DIR; };
		2246D0F41FFE77F30019A8F2 /* main.c */ = {isa = PBXFileReference; lastKnownFileType = sourcecode.c.c; path = main.c; sourceTree = "<group>"; };
		2246D0FB1FFE78390019A8F2 /* Slot2.c */ = {isa = PBXFileReference; lastKnownFileType = sourcecode.c.c; path = Slot2.c; sourceTree = "<group>"; };
		2246D0FC1FFE78390019A8F2 /* Slot2.h */ = {isa = PBXFileReference; lastKnownFileType = sourcecode.c.h; path = Slot2.h; sourceTree = "<group>"; };
		2246D0FE1FFE7EDC0019A8F2 /* Table2.c */ = {isa = PBXFileReference; lastKnownFileType = sourcecode.c.c; path = Table2.c; sourceTree = "<group>"; };
		2246D0FF1FFE7EDC0019A8F2 /* Table2.h */ = {isa = PBXFileReference; lastKnownFileType = sourcecode.c.h; path = Table2.h; sourceTree = "<group>"; };
		2246D1011FFE84BF0019A8F2 /* Person.c */ = {isa = PBXFileReference; lastKnownFileType = sourcecode.c.c; path = Person.c; sourceTree = "<group>"; };
		2246D1021FFE84BF0019A8F2 /* Person.h */ = {isa = PBXFileReference; lastKnownFileType = sourcecode.c.h; path = Person.h; sourceTree = "<group>"; };
/* End PBXFileReference section */

/* Begin PBXFrameworksBuildPhase section */
		2246D0EE1FFE77F30019A8F2 /* Frameworks */ = {
			isa = PBXFrameworksBuildPhase;
			buildActionMask = 2147483647;
			files = (
			);
			runOnlyForDeploymentPostprocessing = 0;
		};
/* End PBXFrameworksBuildPhase section */

/* Begin PBXGroup section */
		2246D0E81FFE77F30019A8F2 = {
			isa = PBXGroup;
			children = (
				2246D0F31FFE77F30019A8F2 /* ChainedTableMain */,
				2246D0F21FFE77F30019A8F2 /* Products */,
			);
			sourceTree = "<group>";
		};
		2246D0F21FFE77F30019A8F2 /* Products */ = {
			isa = PBXGroup;
			children = (
				2246D0F11FFE77F30019A8F2 /* ChainedTableMain */,
			);
			name = Products;
			sourceTree = "<group>";
		};
		2246D0F31FFE77F30019A8F2 /* ChainedTableMain */ = {
			isa = PBXGroup;
			children = (
				2246D0F41FFE77F30019A8F2 /* main.c */,
				2246D0FB1FFE78390019A8F2 /* Slot2.c */,
				2246D0FC1FFE78390019A8F2 /* Slot2.h */,
				2246D0FE1FFE7EDC0019A8F2 /* Table2.c */,
				2246D0FF1FFE7EDC0019A8F2 /* Table2.h */,
				2246D1011FFE84BF0019A8F2 /* Person.c */,
				2246D1021FFE84BF0019A8F2 /* Person.h */,
			);
			path = ChainedTableMain;
			sourceTree = "<group>";
		};
/* End PBXGroup section */

/* Begin PBXNativeTarget section */
		2246D0F01FFE77F30019A8F2 /* ChainedTableMain */ = {
			isa = PBXNativeTarget;
			buildConfigurationList = 2246D0F81FFE77F30019A8F2 /* Build configuration list for PBXNativeTarget "ChainedTableMain" */;
			buildPhases = (
				2246D0ED1FFE77F30019A8F2 /* Sources */,
				2246D0EE1FFE77F30019A8F2 /* Frameworks */,
				2246D0EF1FFE77F30019A8F2 /* CopyFiles */,
			);
			buildRules = (
			);
			dependencies = (
			);
			name = ChainedTableMain;
			productName = ChainedTableMain;
			productReference = 2246D0F11FFE77F30019A8F2 /* ChainedTableMain */;
			productType = "com.apple.product-type.tool";
		};
/* End PBXNativeTarget section */

/* Begin PBXProject section */
		2246D0E91FFE77F30019A8F2 /* Project object */ = {
			isa = PBXProject;
			attributes = {
				LastUpgradeCheck = 0920;
				ORGANIZATIONNAME = wan;
				TargetAttributes = {
					2246D0F01FFE77F30019A8F2 = {
						CreatedOnToolsVersion = 9.2;
						ProvisioningStyle = Automatic;
					};
				};
			};
			buildConfigurationList = 2246D0EC1FFE77F30019A8F2 /* Build configuration list for PBXProject "ChainedTableMain" */;
			compatibilityVersion = "Xcode 8.0";
			developmentRegion = en;
			hasScannedForEncodings = 0;
			knownRegions = (
				en,
			);
			mainGroup = 2246D0E81FFE77F30019A8F2;
			productRefGroup = 2246D0F21FFE77F30019A8F2 /* Products */;
			projectDirPath = "";
			projectRoot = "";
			targets = (
				2246D0F01FFE77F30019A8F2 /* ChainedTableMain */,
			);
		};
/* End PBXProject section */

/* Begin PBXSourcesBuildPhase section */
		2246D0ED1FFE77F30019A8F2 /* Sources */ = {
			isa = PBXSourcesBuildPhase;
			buildActionMask = 2147483647;
			files = (
				2246D1031FFE84BF0019A8F2 /* Person.c in Sources */,
				2246D1001FFE7EDC0019A8F2 /* Table2.c in Sources */,
				2246D0FD1FFE78390019A8F2 /* Slot2.c in Sources */,
				2246D0F51FFE77F30019A8F2 /* main.c in Sources */,
			);
			runOnlyForDeploymentPostprocessing = 0;
		};
/* End PBXSourcesBuildPhase section */

/* Begin XCBuildConfiguration section */
		2246D0F61FFE77F30019A8F2 /* Debug */ = {
			isa = XCBuildConfiguration;
			buildSettings = {
				ALWAYS_SEARCH_USER_PATHS = NO;
				CLANG_ANALYZER_NONNULL = YES;
				CLANG_ANALYZER_NUMBER_OBJECT_CONVERSION = YES_AGGRESSIVE;
				CLANG_CXX_LANGUAGE_STANDARD = "gnu++14";
				CLANG_CXX_LIBRARY = "libc++";
				CLANG_ENABLE_MODULES = YES;
				CLANG_ENABLE_OBJC_ARC = YES;
				CLANG_WARN_BLOCK_CAPTURE_AUTORELEASING = YES;
				CLANG_WARN_BOOL_CONVERSION = YES;
				CLANG_WARN_COMMA = YES;
				CLANG_WARN_CONSTANT_CONVERSION = YES;
				CLANG_WARN_DIRECT_OBJC_ISA_USAGE = YES_ERROR;
				CLANG_WARN_DOCUMENTATION_COMMENTS = YES;
				CLANG_WARN_EMPTY_BODY = YES;
				CLANG_WARN_ENUM_CONVERSION = YES;
				CLANG_WARN_INFINITE_RECURSION = YES;
				CLANG_WARN_INT_CONVERSION = YES;
				CLANG_WARN_NON_LITERAL_NULL_CONVERSION = YES;
				CLANG_WARN_OBJC_LITERAL_CONVERSION = YES;
				CLANG_WARN_OBJC_ROOT_CLASS = YES_ERROR;
				CLANG_WARN_RANGE_LOOP_ANALYSIS = YES;
				CLANG_WARN_STRICT_PROTOTYPES = YES;
				CLANG_WARN_SUSPICIOUS_MOVE = YES;
				CLANG_WARN_UNGUARDED_AVAILABILITY = YES_AGGRESSIVE;
				CLANG_WARN_UNREACHABLE_CODE = YES;
				CLANG_WARN__DUPLICATE_METHOD_MATCH = YES;
				CODE_SIGN_IDENTITY = "-";
				COPY_PHASE_STRIP = NO;
				DEBUG_INFORMATION_FORMAT = dwarf;
				ENABLE_STRICT_OBJC_MSGSEND = YES;
				ENABLE_TESTABILITY = YES;
				GCC_C_LANGUAGE_STANDARD = gnu11;
				GCC_DYNAMIC_NO_PIC = NO;
				GCC_NO_COMMON_BLOCKS = YES;
				GCC_OPTIMIZATION_LEVEL = 0;
				GCC_PREPROCESSOR_DEFINITIONS = (
					"DEBUG=1",
					"$(inherited)",
				);
				GCC_WARN_64_TO_32_BIT_CONVERSION = YES;
				GCC_WARN_ABOUT_RETURN_TYPE = YES_ERROR;
				GCC_WARN_UNDECLARED_SELECTOR = YES;
				GCC_WARN_UNINITIALIZED_AUTOS = YES_AGGRESSIVE;
				GCC_WARN_UNUSED_FUNCTION = YES;
				GCC_WARN_UNUSED_VARIABLE = YES;
				MACOSX_DEPLOYMENT_TARGET = 10.12;
				MTL_ENABLE_DEBUG_INFO = YES;
				ONLY_ACTIVE_ARCH = YES;
				SDKROOT = macosx;
			};
			name = Debug;
		};
		2246D0F71FFE77F30019A8F2 /* Release */ = {
			isa = XCBuildConfiguration;
			buildSettings = {
				ALWAYS_SEARCH_USER_PATHS = NO;
				CLANG_ANALYZER_NONNULL = YES;
				CLANG_ANALYZER_NUMBER_OBJECT_CONVERSION = YES_AGGRESSIVE;
				CLANG_CXX_LANGUAGE_STANDARD = "gnu++14";
				CLANG_CXX_LIBRARY = "libc++";
				CLANG_ENABLE_MODULES = YES;
				CLANG_ENABLE_OBJC_ARC = YES;
				CLANG_WARN_BLOCK_CAPTURE_AUTORELEASING = YES;
				CLANG_WARN_BOOL_CONVERSION = YES;
				CLANG_WARN_COMMA = YES;
				CLANG_WARN_CONSTANT_CONVERSION = YES;
				CLANG_WARN_DIRECT_OBJC_ISA_USAGE = YES_ERROR;
				CLANG_WARN_DOCUMENTATION_COMMENTS = YES;
				CLANG_WARN_EMPTY_BODY = YES;
				CLANG_WARN_ENUM_CONVERSION = YES;
				CLANG_WARN_INFINITE_RECURSION = YES;
				CLANG_WARN_INT_CONVERSION = YES;
				CLANG_WARN_NON_LITERAL_NULL_CONVERSION = YES;
				CLANG_WARN_OBJC_LITERAL_CONVERSION = YES;
				CLANG_WARN_OBJC_ROOT_CLASS = YES_ERROR;
				CLANG_WARN_RANGE_LOOP_ANALYSIS = YES;
				CLANG_WARN_STRICT_PROTOTYPES = YES;
				CLANG_WARN_SUSPICIOUS_MOVE = YES;
				CLANG_WARN_UNGUARDED_AVAILABILITY = YES_AGGRESSIVE;
				CLANG_WARN_UNREACHABLE_CODE = YES;
				CLANG_WARN__DUPLICATE_METHOD_MATCH = YES;
				CODE_SIGN_IDENTITY = "-";
				COPY_PHASE_STRIP = NO;
				DEBUG_INFORMATION_FORMAT = "dwarf-with-dsym";
				ENABLE_NS_ASSERTIONS = NO;
				ENABLE_STRICT_OBJC_MSGSEND = YES;
				GCC_C_LANGUAGE_STANDARD = gnu11;
				GCC_NO_COMMON_BLOCKS = YES;
				GCC_WARN_64_TO_32_BIT_CONVERSION = YES;
				GCC_WARN_ABOUT_RETURN_TYPE = YES_ERROR;
				GCC_WARN_UNDECLARED_SELECTOR = YES;
				GCC_WARN_UNINITIALIZED_AUTOS = YES_AGGRESSIVE;
				GCC_WARN_UNUSED_FUNCTION = YES;
				GCC_WARN_UNUSED_VARIABLE = YES;
				MACOSX_DEPLOYMENT_TARGET = 10.12;
				MTL_ENABLE_DEBUG_INFO = NO;
				SDKROOT = macosx;
			};
			name = Release;
		};
		2246D0F91FFE77F30019A8F2 /* Debug */ = {
			isa = XCBuildConfiguration;
			buildSettings = {
				CODE_SIGN_STYLE = Automatic;
				PRODUCT_NAME = "$(TARGET_NAME)";
			};
			name = Debug;
		};
		2246D0FA1FFE77F30019A8F2 /* Release */ = {
			isa = XCBuildConfiguration;
			buildSettings = {
				CODE_SIGN_STYLE = Automatic;
				PRODUCT_NAME = "$(TARGET_NAME)";
			};
			name = Release;
		};
/* End XCBuildConfiguration section */

/* Begin XCConfigurationList section */
		2246D0EC1FFE77F30019A8F2 /* Build configuration list for PBXProject "ChainedTableMain" */ = {
			isa = XCConfigurationList;
			buildConfigurations = (
				2246D0F61FFE77F30019A8F2 /* Debug */,
				2246D0F71FFE77F30019A8F2 /* Release */,
			);
			defaultConfigurationIsVisible = 0;
			defaultConfigurationName = Release;
		};
		2246D0F81FFE77F30019A8F2 /* Build configuration list for PBXNativeTarget "ChainedTableMain" */ = {
			isa = XCConfigurationList;
			buildConfigurations = (
				2246D0F91FFE77F30019A8F2 /* Debug */,
				2246D0FA1FFE77F30019A8F2 /* Release */,
			);
			defaultConfigurationIsVisible = 0;
			defaultConfigurationName = Release;
		};
/* End XCConfigurationList section */
	};
	rootObject = 2246D0E91FFE77F30019A8F2 /* Project object */;
}
