// !$*UTF8*$!
{
	archiveVersion = 1;
	classes = {
	};
	objectVersion = 48;
	objects = {

/* Begin PBXBuildFile section */
		2232F36D1FF28AD80021BA72 /* main.c in Sources */ = {isa = PBXBuildFile; fileRef = 2232F36C1FF28AD80021BA72 /* main.c */; };
		2232F3751FF28B050021BA72 /* Person.c in Sources */ = {isa = PBXBuildFile; fileRef = 2232F3731FF28B050021BA72 /* Person.c */; };
		2232F3791FF2A16C0021BA72 /* Table.c in Sources */ = {isa = PBXBuildFile; fileRef = 2232F3771FF2A16C0021BA72 /* Table.c */; };
/* End PBXBuildFile section */

/* Begin PBXCopyFilesBuildPhase section */
		2232F3671FF28AD80021BA72 /* CopyFiles */ = {
			isa = PBXCopyFilesBuildPhase;
			buildActionMask = 2147483647;
			dstPath = /usr/share/man/man1/;
			dstSubfolderSpec = 0;
			files = (
			);
			runOnlyForDeploymentPostprocessing = 1;
		};
/* End PBXCopyFilesBuildPhase section */

/* Begin PBXFileReference section */
		2232F3691FF28AD80021BA72 /* SimpleHash */ = {isa = PBXFileReference; explicitFileType = "compiled.mach-o.executable"; includeInIndex = 0; path = SimpleHash; sourceTree = BUILT_PRODUCTS_DIR; };
		2232F36C1FF28AD80021BA72 /* main.c */ = {isa = PBXFileReference; lastKnownFileType = sourcecode.c.c; path = main.c; sourceTree = "<group>"; };
		2232F3731FF28B050021BA72 /* Person.c */ = {isa = PBXFileReference; lastKnownFileType = sourcecode.c.c; path = Person.c; sourceTree = "<group>"; };
		2232F3741FF28B050021BA72 /* Person.h */ = {isa = PBXFileReference; lastKnownFileType = sourcecode.c.h; path = Person.h; sourceTree = "<group>"; };
		2232F3761FF2A0E10021BA72 /* Slot.h */ = {isa = PBXFileReference; lastKnownFileType = sourcecode.c.h; path = Slot.h; sourceTree = "<group>"; };
		2232F3771FF2A16C0021BA72 /* Table.c */ = {isa = PBXFileReference; lastKnownFileType = sourcecode.c.c; path = Table.c; sourceTree = "<group>"; };
		2232F3781FF2A16C0021BA72 /* Table.h */ = {isa = PBXFileReference; lastKnownFileType = sourcecode.c.h; path = Table.h; sourceTree = "<group>"; };
/* End PBXFileReference section */

/* Begin PBXFrameworksBuildPhase section */
		2232F3661FF28AD80021BA72 /* Frameworks */ = {
			isa = PBXFrameworksBuildPhase;
			buildActionMask = 2147483647;
			files = (
			);
			runOnlyForDeploymentPostprocessing = 0;
		};
/* End PBXFrameworksBuildPhase section */

/* Begin PBXGroup section */
		2232F3601FF28AD80021BA72 = {
			isa = PBXGroup;
			children = (
				2232F36B1FF28AD80021BA72 /* SimpleHash */,
				2232F36A1FF28AD80021BA72 /* Products */,
			);
			sourceTree = "<group>";
		};
		2232F36A1FF28AD80021BA72 /* Products */ = {
			isa = PBXGroup;
			children = (
				2232F3691FF28AD80021BA72 /* SimpleHash */,
			);
			name = Products;
			sourceTree = "<group>";
		};
		2232F36B1FF28AD80021BA72 /* SimpleHash */ = {
			isa = PBXGroup;
			children = (
				2232F36C1FF28AD80021BA72 /* main.c */,
				2232F3731FF28B050021BA72 /* Person.c */,
				2232F3741FF28B050021BA72 /* Person.h */,
				2232F3761FF2A0E10021BA72 /* Slot.h */,
				2232F3771FF2A16C0021BA72 /* Table.c */,
				2232F3781FF2A16C0021BA72 /* Table.h */,
			);
			path = SimpleHash;
			sourceTree = "<group>";
		};
/* End PBXGroup section */

/* Begin PBXNativeTarget section */
		2232F3681FF28AD80021BA72 /* SimpleHash */ = {
			isa = PBXNativeTarget;
			buildConfigurationList = 2232F3701FF28AD80021BA72 /* Build configuration list for PBXNativeTarget "SimpleHash" */;
			buildPhases = (
				2232F3651FF28AD80021BA72 /* Sources */,
				2232F3661FF28AD80021BA72 /* Frameworks */,
				2232F3671FF28AD80021BA72 /* CopyFiles */,
			);
			buildRules = (
			);
			dependencies = (
			);
			name = SimpleHash;
			productName = SimpleHash;
			productReference = 2232F3691FF28AD80021BA72 /* SimpleHash */;
			productType = "com.apple.product-type.tool";
		};
/* End PBXNativeTarget section */

/* Begin PBXProject section */
		2232F3611FF28AD80021BA72 /* Project object */ = {
			isa = PBXProject;
			attributes = {
				LastUpgradeCheck = 0920;
				ORGANIZATIONNAME = wan;
				TargetAttributes = {
					2232F3681FF28AD80021BA72 = {
						CreatedOnToolsVersion = 9.2;
						ProvisioningStyle = Automatic;
					};
				};
			};
			buildConfigurationList = 2232F3641FF28AD80021BA72 /* Build configuration list for PBXProject "SimpleHash" */;
			compatibilityVersion = "Xcode 8.0";
			developmentRegion = en;
			hasScannedForEncodings = 0;
			knownRegions = (
				en,
			);
			mainGroup = 2232F3601FF28AD80021BA72;
			productRefGroup = 2232F36A1FF28AD80021BA72 /* Products */;
			projectDirPath = "";
			projectRoot = "";
			targets = (
				2232F3681FF28AD80021BA72 /* SimpleHash */,
			);
		};
/* End PBXProject section */

/* Begin PBXSourcesBuildPhase section */
		2232F3651FF28AD80021BA72 /* Sources */ = {
			isa = PBXSourcesBuildPhase;
			buildActionMask = 2147483647;
			files = (
				2232F3791FF2A16C0021BA72 /* Table.c in Sources */,
				2232F3751FF28B050021BA72 /* Person.c in Sources */,
				2232F36D1FF28AD80021BA72 /* main.c in Sources */,
			);
			runOnlyForDeploymentPostprocessing = 0;
		};
/* End PBXSourcesBuildPhase section */

/* Begin XCBuildConfiguration section */
		2232F36E1FF28AD80021BA72 /* Debug */ = {
			isa = XCBuildConfiguration;
			buildSettings = {
				ALWAYS_SEARCH_USER_PATHS = NO;
				CLANG_ANALYZER_NONNULL = YES;
				CLANG_ANALYZER_NUMBER_OBJECT_CONVERSION = YES_AGGRESSIVE;
				CLANG_CXX_LANGUAGE_STANDARD = "gnu++14";
				CLANG_CXX_LIBRARY = "libc++";
				CLANG_ENABLE_MODULES = YES;
				CLANG_ENABLE_OBJC_ARC = YES;
				CLANG_WARN_BLOCK_CAPTURE_AUTORELEASING = YES;
				CLANG_WARN_BOOL_CONVERSION = YES;
				CLANG_WARN_COMMA = YES;
				CLANG_WARN_CONSTANT_CONVERSION = YES;
				CLANG_WARN_DIRECT_OBJC_ISA_USAGE = YES_ERROR;
				CLANG_WARN_DOCUMENTATION_COMMENTS = YES;
				CLANG_WARN_EMPTY_BODY = YES;
				CLANG_WARN_ENUM_CONVERSION = YES;
				CLANG_WARN_INFINITE_RECURSION = YES;
				CLANG_WARN_INT_CONVERSION = YES;
				CLANG_WARN_NON_LITERAL_NULL_CONVERSION = YES;
				CLANG_WARN_OBJC_LITERAL_CONVERSION = YES;
				CLANG_WARN_OBJC_ROOT_CLASS = YES_ERROR;
				CLANG_WARN_RANGE_LOOP_ANALYSIS = YES;
				CLANG_WARN_STRICT_PROTOTYPES = YES;
				CLANG_WARN_SUSPICIOUS_MOVE = YES;
				CLANG_WARN_UNGUARDED_AVAILABILITY = YES_AGGRESSIVE;
				CLANG_WARN_UNREACHABLE_CODE = YES;
				CLANG_WARN__DUPLICATE_METHOD_MATCH = YES;
				CODE_SIGN_IDENTITY = "-";
				COPY_PHASE_STRIP = NO;
				DEBUG_INFORMATION_FORMAT = dwarf;
				ENABLE_STRICT_OBJC_MSGSEND = YES;
				ENABLE_TESTABILITY = YES;
				GCC_C_LANGUAGE_STANDARD = gnu11;
				GCC_DYNAMIC_NO_PIC = NO;
				GCC_NO_COMMON_BLOCKS = YES;
				GCC_OPTIMIZATION_LEVEL = 0;
				GCC_PREPROCESSOR_DEFINITIONS = (
					"DEBUG=1",
					"$(inherited)",
				);
				GCC_WARN_64_TO_32_BIT_CONVERSION = YES;
				GCC_WARN_ABOUT_RETURN_TYPE = YES_ERROR;
				GCC_WARN_UNDECLARED_SELECTOR = YES;
				GCC_WARN_UNINITIALIZED_AUTOS = YES_AGGRESSIVE;
				GCC_WARN_UNUSED_FUNCTION = YES;
				GCC_WARN_UNUSED_VARIABLE = YES;
				MACOSX_DEPLOYMENT_TARGET = 10.12;
				MTL_ENABLE_DEBUG_INFO = YES;
				ONLY_ACTIVE_ARCH = YES;
				SDKROOT = macosx;
			};
			name = Debug;
		};
		2232F36F1FF28AD80021BA72 /* Release */ = {
			isa = XCBuildConfiguration;
			buildSettings = {
				ALWAYS_SEARCH_USER_PATHS = NO;
				CLANG_ANALYZER_NONNULL = YES;
				CLANG_ANALYZER_NUMBER_OBJECT_CONVERSION = YES_AGGRESSIVE;
				CLANG_CXX_LANGUAGE_STANDARD = "gnu++14";
				CLANG_CXX_LIBRARY = "libc++";
				CLANG_ENABLE_MODULES = YES;
				CLANG_ENABLE_OBJC_ARC = YES;
				CLANG_WARN_BLOCK_CAPTURE_AUTORELEASING = YES;
				CLANG_WARN_BOOL_CONVERSION = YES;
				CLANG_WARN_COMMA = YES;
				CLANG_WARN_CONSTANT_CONVERSION = YES;
				CLANG_WARN_DIRECT_OBJC_ISA_USAGE = YES_ERROR;
				CLANG_WARN_DOCUMENTATION_COMMENTS = YES;
				CLANG_WARN_EMPTY_BODY = YES;
				CLANG_WARN_ENUM_CONVERSION = YES;
				CLANG_WARN_INFINITE_RECURSION = YES;
				CLANG_WARN_INT_CONVERSION = YES;
				CLANG_WARN_NON_LITERAL_NULL_CONVERSION = YES;
				CLANG_WARN_OBJC_LITERAL_CONVERSION = YES;
				CLANG_WARN_OBJC_ROOT_CLASS = YES_ERROR;
				CLANG_WARN_RANGE_LOOP_ANALYSIS = YES;
				CLANG_WARN_STRICT_PROTOTYPES = YES;
				CLANG_WARN_SUSPICIOUS_MOVE = YES;
				CLANG_WARN_UNGUARDED_AVAILABILITY = YES_AGGRESSIVE;
				CLANG_WARN_UNREACHABLE_CODE = YES;
				CLANG_WARN__DUPLICATE_METHOD_MATCH = YES;
				CODE_SIGN_IDENTITY = "-";
				COPY_PHASE_STRIP = NO;
				DEBUG_INFORMATION_FORMAT = "dwarf-with-dsym";
				ENABLE_NS_ASSERTIONS = NO;
				ENABLE_STRICT_OBJC_MSGSEND = YES;
				GCC_C_LANGUAGE_STANDARD = gnu11;
				GCC_NO_COMMON_BLOCKS = YES;
				GCC_WARN_64_TO_32_BIT_CONVERSION = YES;
				GCC_WARN_ABOUT_RETURN_TYPE = YES_ERROR;
				GCC_WARN_UNDECLARED_SELECTOR = YES;
				GCC_WARN_UNINITIALIZED_AUTOS = YES_AGGRESSIVE;
				GCC_WARN_UNUSED_FUNCTION = YES;
				GCC_WARN_UNUSED_VARIABLE = YES;
				MACOSX_DEPLOYMENT_TARGET = 10.12;
				MTL_ENABLE_DEBUG_INFO = NO;
				SDKROOT = macosx;
			};
			name = Release;
		};
		2232F3711FF28AD80021BA72 /* Debug */ = {
			isa = XCBuildConfiguration;
			buildSettings = {
				CODE_SIGN_STYLE = Automatic;
				PRODUCT_NAME = "$(TARGET_NAME)";
			};
			name = Debug;
		};
		2232F3721FF28AD80021BA72 /* Release */ = {
			isa = XCBuildConfiguration;
			buildSettings = {
				CODE_SIGN_STYLE = Automatic;
				PRODUCT_NAME = "$(TARGET_NAME)";
			};
			name = Release;
		};
/* End XCBuildConfiguration section */

/* Begin XCConfigurationList section */
		2232F3641FF28AD80021BA72 /* Build configuration list for PBXProject "SimpleHash" */ = {
			isa = XCConfigurationList;
			buildConfigurations = (
				2232F36E1FF28AD80021BA72 /* Debug */,
				2232F36F1FF28AD80021BA72 /* Release */,
			);
			defaultConfigurationIsVisible = 0;
			defaultConfigurationName = Release;
		};
		2232F3701FF28AD80021BA72 /* Build configuration list for PBXNativeTarget "SimpleHash" */ = {
			isa = XCConfigurationList;
			buildConfigurations = (
				2232F3711FF28AD80021BA72 /* Debug */,
				2232F3721FF28AD80021BA72 /* Release */,
			);
			defaultConfigurationIsVisible = 0;
			defaultConfigurationName = Release;
		};
/* End XCConfigurationList section */
	};
	rootObject = 2232F3611FF28AD80021BA72 /* Project object */;
}
